// !$*UTF8*$!
{
	archiveVersion = 1;
	classes = {
	};
	objectVersion = 50;
	objects = {

/* Begin PBXBuildFile section */
		36A7605225654D3A0087FC6C /* AppDelegate.swift in Sources */ = {isa = PBXBuildFile; fileRef = 36A7605125654D3A0087FC6C /* AppDelegate.swift */; };
		36A7605425654D3A0087FC6C /* SceneDelegate.swift in Sources */ = {isa = PBXBuildFile; fileRef = 36A7605325654D3A0087FC6C /* SceneDelegate.swift */; };
		36A7605625654D3A0087FC6C /* ViewController.swift in Sources */ = {isa = PBXBuildFile; fileRef = 36A7605525654D3A0087FC6C /* ViewController.swift */; };
		36A7605925654D3A0087FC6C /* Main.storyboard in Resources */ = {isa = PBXBuildFile; fileRef = 36A7605725654D3A0087FC6C /* Main.storyboard */; };
		36A7605C25654D3A0087FC6C /* TableView.xcdatamodeld in Sources */ = {isa = PBXBuildFile; fileRef = 36A7605A25654D3A0087FC6C /* TableView.xcdatamodeld */; };
		36A7605E25654D3C0087FC6C /* Assets.xcassets in Resources */ = {isa = PBXBuildFile; fileRef = 36A7605D25654D3C0087FC6C /* Assets.xcassets */; };
		36A7606125654D3C0087FC6C /* LaunchScreen.storyboard in Resources */ = {isa = PBXBuildFile; fileRef = 36A7605F25654D3C0087FC6C /* LaunchScreen.storyboard */; };
		36A7606C25654D3C0087FC6C /* TableViewTests.swift in Sources */ = {isa = PBXBuildFile; fileRef = 36A7606B25654D3C0087FC6C /* TableViewTests.swift */; };
		36A7607725654D3C0087FC6C /* TableViewUITests.swift in Sources */ = {isa = PBXBuildFile; fileRef = 36A7607625654D3C0087FC6C /* TableViewUITests.swift */; };
/* End PBXBuildFile section */

/* Begin PBXContainerItemProxy section */
		36A7606825654D3C0087FC6C /* PBXContainerItemProxy */ = {
			isa = PBXContainerItemProxy;
			containerPortal = 36A7604625654D3A0087FC6C /* Project object */;
			proxyType = 1;
			remoteGlobalIDString = 36A7604D25654D3A0087FC6C;
			remoteInfo = TableView;
		};
		36A7607325654D3C0087FC6C /* PBXContainerItemProxy */ = {
			isa = PBXContainerItemProxy;
			containerPortal = 36A7604625654D3A0087FC6C /* Project object */;
			proxyType = 1;
			remoteGlobalIDString = 36A7604D25654D3A0087FC6C;
			remoteInfo = TableView;
		};
/* End PBXContainerItemProxy section */

/* Begin PBXFileReference section */
		36A7604E25654D3A0087FC6C /* TableView.app */ = {isa = PBXFileReference; explicitFileType = wrapper.application; includeInIndex = 0; path = TableView.app; sourceTree = BUILT_PRODUCTS_DIR; };
		36A7605125654D3A0087FC6C /* AppDelegate.swift */ = {isa = PBXFileReference; lastKnownFileType = sourcecode.swift; path = AppDelegate.swift; sourceTree = "<group>"; };
		36A7605325654D3A0087FC6C /* SceneDelegate.swift */ = {isa = PBXFileReference; lastKnownFileType = sourcecode.swift; path = SceneDelegate.swift; sourceTree = "<group>"; };
		36A7605525654D3A0087FC6C /* ViewController.swift */ = {isa = PBXFileReference; lastKnownFileType = sourcecode.swift; path = ViewController.swift; sourceTree = "<group>"; };
		36A7605825654D3A0087FC6C /* Base */ = {isa = PBXFileReference; lastKnownFileType = file.storyboard; name = Base; path = Base.lproj/Main.storyboard; sourceTree = "<group>"; };
		36A7605B25654D3A0087FC6C /* TableView.xcdatamodel */ = {isa = PBXFileReference; lastKnownFileType = wrapper.xcdatamodel; path = TableView.xcdatamodel; sourceTree = "<group>"; };
		36A7605D25654D3C0087FC6C /* Assets.xcassets */ = {isa = PBXFileReference; lastKnownFileType = folder.assetcatalog; path = Assets.xcassets; sourceTree = "<group>"; };
		36A7606025654D3C0087FC6C /* Base */ = {isa = PBXFileReference; lastKnownFileType = file.storyboard; name = Base; path = Base.lproj/LaunchScreen.storyboard; sourceTree = "<group>"; };
		36A7606225654D3C0087FC6C /* Info.plist */ = {isa = PBXFileReference; lastKnownFileType = text.plist.xml; path = Info.plist; sourceTree = "<group>"; };
		36A7606725654D3C0087FC6C /* TableViewTests.xctest */ = {isa = PBXFileReference; explicitFileType = wrapper.cfbundle; includeInIndex = 0; path = TableViewTests.xctest; sourceTree = BUILT_PRODUCTS_DIR; };
		36A7606B25654D3C0087FC6C /* TableViewTests.swift */ = {isa = PBXFileReference; lastKnownFileType = sourcecode.swift; path = TableViewTests.swift; sourceTree = "<group>"; };
		36A7606D25654D3C0087FC6C /* Info.plist */ = {isa = PBXFileReference; lastKnownFileType = text.plist.xml; path = Info.plist; sourceTree = "<group>"; };
		36A7607225654D3C0087FC6C /* TableViewUITests.xctest */ = {isa = PBXFileReference; explicitFileType = wrapper.cfbundle; includeInIndex = 0; path = TableViewUITests.xctest; sourceTree = BUILT_PRODUCTS_DIR; };
		36A7607625654D3C0087FC6C /* TableViewUITests.swift */ = {isa = PBXFileReference; lastKnownFileType = sourcecode.swift; path = TableViewUITests.swift; sourceTree = "<group>"; };
		36A7607825654D3C0087FC6C /* Info.plist */ = {isa = PBXFileReference; lastKnownFileType = text.plist.xml; path = Info.plist; sourceTree = "<group>"; };
/* End PBXFileReference section */

/* Begin PBXFrameworksBuildPhase section */
		36A7604B25654D3A0087FC6C /* Frameworks */ = {
			isa = PBXFrameworksBuildPhase;
			buildActionMask = 2147483647;
			files = (
			);
			runOnlyForDeploymentPostprocessing = 0;
		};
		36A7606425654D3C0087FC6C /* Frameworks */ = {
			isa = PBXFrameworksBuildPhase;
			buildActionMask = 2147483647;
			files = (
			);
			runOnlyForDeploymentPostprocessing = 0;
		};
		36A7606F25654D3C0087FC6C /* Frameworks */ = {
			isa = PBXFrameworksBuildPhase;
			buildActionMask = 2147483647;
			files = (
			);
			runOnlyForDeploymentPostprocessing = 0;
		};
/* End PBXFrameworksBuildPhase section */

/* Begin PBXGroup section */
		36A7604525654D3A0087FC6C = {
			isa = PBXGroup;
			children = (
				36A7605025654D3A0087FC6C /* TableView */,
				36A7606A25654D3C0087FC6C /* TableViewTests */,
				36A7607525654D3C0087FC6C /* TableViewUITests */,
				36A7604F25654D3A0087FC6C /* Products */,
			);
			sourceTree = "<group>";
		};
		36A7604F25654D3A0087FC6C /* Products */ = {
			isa = PBXGroup;
			children = (
				36A7604E25654D3A0087FC6C /* TableView.app */,
				36A7606725654D3C0087FC6C /* TableViewTests.xctest */,
				36A7607225654D3C0087FC6C /* TableViewUITests.xctest */,
			);
			name = Products;
			sourceTree = "<group>";
		};
		36A7605025654D3A0087FC6C /* TableView */ = {
			isa = PBXGroup;
			children = (
				36A7605125654D3A0087FC6C /* AppDelegate.swift */,
				36A7605325654D3A0087FC6C /* SceneDelegate.swift */,
				36A7605525654D3A0087FC6C /* ViewController.swift */,
				36A7605725654D3A0087FC6C /* Main.storyboard */,
				36A7605D25654D3C0087FC6C /* Assets.xcassets */,
				36A7605F25654D3C0087FC6C /* LaunchScreen.storyboard */,
				36A7606225654D3C0087FC6C /* Info.plist */,
				36A7605A25654D3A0087FC6C /* TableView.xcdatamodeld */,
			);
			path = TableView;
			sourceTree = "<group>";
		};
		36A7606A25654D3C0087FC6C /* TableViewTests */ = {
			isa = PBXGroup;
			children = (
				36A7606B25654D3C0087FC6C /* TableViewTests.swift */,
				36A7606D25654D3C0087FC6C /* Info.plist */,
			);
			path = TableViewTests;
			sourceTree = "<group>";
		};
		36A7607525654D3C0087FC6C /* TableViewUITests */ = {
			isa = PBXGroup;
			children = (
				36A7607625654D3C0087FC6C /* TableViewUITests.swift */,
				36A7607825654D3C0087FC6C /* Info.plist */,
			);
			path = TableViewUITests;
			sourceTree = "<group>";
		};
/* End PBXGroup section */

/* Begin PBXNativeTarget section */
		36A7604D25654D3A0087FC6C /* TableView */ = {
			isa = PBXNativeTarget;
			buildConfigurationList = 36A7607B25654D3C0087FC6C /* Build configuration list for PBXNativeTarget "TableView" */;
			buildPhases = (
				36A7604A25654D3A0087FC6C /* Sources */,
				36A7604B25654D3A0087FC6C /* Frameworks */,
				36A7604C25654D3A0087FC6C /* Resources */,
			);
			buildRules = (
			);
			dependencies = (
			);
			name = TableView;
			productName = TableView;
			productReference = 36A7604E25654D3A0087FC6C /* TableView.app */;
			productType = "com.apple.product-type.application";
		};
		36A7606625654D3C0087FC6C /* TableViewTests */ = {
			isa = PBXNativeTarget;
			buildConfigurationList = 36A7607E25654D3C0087FC6C /* Build configuration list for PBXNativeTarget "TableViewTests" */;
			buildPhases = (
				36A7606325654D3C0087FC6C /* Sources */,
				36A7606425654D3C0087FC6C /* Frameworks */,
				36A7606525654D3C0087FC6C /* Resources */,
			);
			buildRules = (
			);
			dependencies = (
				36A7606925654D3C0087FC6C /* PBXTargetDependency */,
			);
			name = TableViewTests;
			productName = TableViewTests;
			productReference = 36A7606725654D3C0087FC6C /* TableViewTests.xctest */;
			productType = "com.apple.product-type.bundle.unit-test";
		};
		36A7607125654D3C0087FC6C /* TableViewUITests */ = {
			isa = PBXNativeTarget;
			buildConfigurationList = 36A7608125654D3C0087FC6C /* Build configuration list for PBXNativeTarget "TableViewUITests" */;
			buildPhases = (
				36A7606E25654D3C0087FC6C /* Sources */,
				36A7606F25654D3C0087FC6C /* Frameworks */,
				36A7607025654D3C0087FC6C /* Resources */,
			);
			buildRules = (
			);
			dependencies = (
				36A7607425654D3C0087FC6C /* PBXTargetDependency */,
			);
			name = TableViewUITests;
			productName = TableViewUITests;
			productReference = 36A7607225654D3C0087FC6C /* TableViewUITests.xctest */;
			productType = "com.apple.product-type.bundle.ui-testing";
		};
/* End PBXNativeTarget section */

/* Begin PBXProject section */
		36A7604625654D3A0087FC6C /* Project object */ = {
			isa = PBXProject;
			attributes = {
				LastSwiftUpdateCheck = 1160;
				LastUpgradeCheck = 1160;
				ORGANIZATIONNAME = "Tal Spektor";
				TargetAttributes = {
					36A7604D25654D3A0087FC6C = {
						CreatedOnToolsVersion = 11.6;
					};
					36A7606625654D3C0087FC6C = {
						CreatedOnToolsVersion = 11.6;
						TestTargetID = 36A7604D25654D3A0087FC6C;
					};
					36A7607125654D3C0087FC6C = {
						CreatedOnToolsVersion = 11.6;
						TestTargetID = 36A7604D25654D3A0087FC6C;
					};
				};
			};
			buildConfigurationList = 36A7604925654D3A0087FC6C /* Build configuration list for PBXProject "TableView" */;
			compatibilityVersion = "Xcode 9.3";
			developmentRegion = en;
			hasScannedForEncodings = 0;
			knownRegions = (
				en,
				Base,
			);
			mainGroup = 36A7604525654D3A0087FC6C;
			productRefGroup = 36A7604F25654D3A0087FC6C /* Products */;
			projectDirPath = "";
			projectRoot = "";
			targets = (
				36A7604D25654D3A0087FC6C /* TableView */,
				36A7606625654D3C0087FC6C /* TableViewTests */,
				36A7607125654D3C0087FC6C /* TableViewUITests */,
			);
		};
/* End PBXProject section */

/* Begin PBXResourcesBuildPhase section */
		36A7604C25654D3A0087FC6C /* Resources */ = {
			isa = PBXResourcesBuildPhase;
			buildActionMask = 2147483647;
			files = (
				36A7606125654D3C0087FC6C /* LaunchScreen.storyboard in Resources */,
				36A7605E25654D3C0087FC6C /* Assets.xcassets in Resources */,
				36A7605925654D3A0087FC6C /* Main.storyboard in Resources */,
			);
			runOnlyForDeploymentPostprocessing = 0;
		};
		36A7606525654D3C0087FC6C /* Resources */ = {
			isa = PBXResourcesBuildPhase;
			buildActionMask = 2147483647;
			files = (
			);
			runOnlyForDeploymentPostprocessing = 0;
		};
		36A7607025654D3C0087FC6C /* Resources */ = {
			isa = PBXResourcesBuildPhase;
			buildActionMask = 2147483647;
			files = (
			);
			runOnlyForDeploymentPostprocessing = 0;
		};
/* End PBXResourcesBuildPhase section */

/* Begin PBXSourcesBuildPhase section */
		36A7604A25654D3A0087FC6C /* Sources */ = {
			isa = PBXSourcesBuildPhase;
			buildActionMask = 2147483647;
			files = (
				36A7605625654D3A0087FC6C /* ViewController.swift in Sources */,
				36A7605C25654D3A0087FC6C /* TableView.xcdatamodeld in Sources */,
				36A7605225654D3A0087FC6C /* AppDelegate.swift in Sources */,
				36A7605425654D3A0087FC6C /* SceneDelegate.swift in Sources */,
			);
			runOnlyForDeploymentPostprocessing = 0;
		};
		36A7606325654D3C0087FC6C /* Sources */ = {
			isa = PBXSourcesBuildPhase;
			buildActionMask = 2147483647;
			files = (
				36A7606C25654D3C0087FC6C /* TableViewTests.swift in Sources */,
			);
			runOnlyForDeploymentPostprocessing = 0;
		};
		36A7606E25654D3C0087FC6C /* Sources */ = {
			isa = PBXSourcesBuildPhase;
			buildActionMask = 2147483647;
			files = (
				36A7607725654D3C0087FC6C /* TableViewUITests.swift in Sources */,
			);
			runOnlyForDeploymentPostprocessing = 0;
		};
/* End PBXSourcesBuildPhase section */

/* Begin PBXTargetDependency section */
		36A7606925654D3C0087FC6C /* PBXTargetDependency */ = {
			isa = PBXTargetDependency;
			target = 36A7604D25654D3A0087FC6C /* TableView */;
			targetProxy = 36A7606825654D3C0087FC6C /* PBXContainerItemProxy */;
		};
		36A7607425654D3C0087FC6C /* PBXTargetDependency */ = {
			isa = PBXTargetDependency;
			target = 36A7604D25654D3A0087FC6C /* TableView */;
			targetProxy = 36A7607325654D3C0087FC6C /* PBXContainerItemProxy */;
		};
/* End PBXTargetDependency section */

/* Begin PBXVariantGroup section */
		36A7605725654D3A0087FC6C /* Main.storyboard */ = {
			isa = PBXVariantGroup;
			children = (
				36A7605825654D3A0087FC6C /* Base */,
			);
			name = Main.storyboard;
			sourceTree = "<group>";
		};
		36A7605F25654D3C0087FC6C /* LaunchScreen.storyboard */ = {
			isa = PBXVariantGroup;
			children = (
				36A7606025654D3C0087FC6C /* Base */,
			);
			name = LaunchScreen.storyboard;
			sourceTree = "<group>";
		};
/* End PBXVariantGroup section */

/* Begin XCBuildConfiguration section */
		36A7607925654D3C0087FC6C /* Debug */ = {
			isa = XCBuildConfiguration;
			buildSettings = {
				ALWAYS_SEARCH_USER_PATHS = NO;
				CLANG_ANALYZER_NONNULL = YES;
				CLANG_ANALYZER_NUMBER_OBJECT_CONVERSION = YES_AGGRESSIVE;
				CLANG_CXX_LANGUAGE_STANDARD = "gnu++14";
				CLANG_CXX_LIBRARY = "libc++";
				CLANG_ENABLE_MODULES = YES;
				CLANG_ENABLE_OBJC_ARC = YES;
				CLANG_ENABLE_OBJC_WEAK = YES;
				CLANG_WARN_BLOCK_CAPTURE_AUTORELEASING = YES;
				CLANG_WARN_BOOL_CONVERSION = YES;
				CLANG_WARN_COMMA = YES;
				CLANG_WARN_CONSTANT_CONVERSION = YES;
				CLANG_WARN_DEPRECATED_OBJC_IMPLEMENTATIONS = YES;
				CLANG_WARN_DIRECT_OBJC_ISA_USAGE = YES_ERROR;
				CLANG_WARN_DOCUMENTATION_COMMENTS = YES;
				CLANG_WARN_EMPTY_BODY = YES;
				CLANG_WARN_ENUM_CONVERSION = YES;
				CLANG_WARN_INFINITE_RECURSION = YES;
				CLANG_WARN_INT_CONVERSION = YES;
				CLANG_WARN_NON_LITERAL_NULL_CONVERSION = YES;
				CLANG_WARN_OBJC_IMPLICIT_RETAIN_SELF = YES;
				CLANG_WARN_OBJC_LITERAL_CONVERSION = YES;
				CLANG_WARN_OBJC_ROOT_CLASS = YES_ERROR;
				CLANG_WARN_RANGE_LOOP_ANALYSIS = YES;
				CLANG_WARN_STRICT_PROTOTYPES = YES;
				CLANG_WARN_SUSPICIOUS_MOVE = YES;
				CLANG_WARN_UNGUARDED_AVAILABILITY = YES_AGGRESSIVE;
				CLANG_WARN_UNREACHABLE_CODE = YES;
				CLANG_WARN__DUPLICATE_METHOD_MATCH = YES;
				COPY_PHASE_STRIP = NO;
				DEBUG_INFORMATION_FORMAT = dwarf;
				ENABLE_STRICT_OBJC_MSGSEND = YES;
				ENABLE_TESTABILITY = YES;
				GCC_C_LANGUAGE_STANDARD = gnu11;
				GCC_DYNAMIC_NO_PIC = NO;
				GCC_NO_COMMON_BLOCKS = YES;
				GCC_OPTIMIZATION_LEVEL = 0;
				GCC_PREPROCESSOR_DEFINITIONS = (
					"DEBUG=1",
					"$(inherited)",
				);
				GCC_WARN_64_TO_32_BIT_CONVERSION = YES;
				GCC_WARN_ABOUT_RETURN_TYPE = YES_ERROR;
				GCC_WARN_UNDECLARED_SELECTOR = YES;
				GCC_WARN_UNINITIALIZED_AUTOS = YES_AGGRESSIVE;
				GCC_WARN_UNUSED_FUNCTION = YES;
				GCC_WARN_UNUSED_VARIABLE = YES;
				IPHONEOS_DEPLOYMENT_TARGET = 13.6;
				MTL_ENABLE_DEBUG_INFO = INCLUDE_SOURCE;
				MTL_FAST_MATH = YES;
				ONLY_ACTIVE_ARCH = YES;
				SDKROOT = iphoneos;
				SWIFT_ACTIVE_COMPILATION_CONDITIONS = DEBUG;
				SWIFT_OPTIMIZATION_LEVEL = "-Onone";
			};
			name = Debug;
		};
		36A7607A25654D3C0087FC6C /* Release */ = {
			isa = XCBuildConfiguration;
			buildSettings = {
				ALWAYS_SEARCH_USER_PATHS = NO;
				CLANG_ANALYZER_NONNULL = YES;
				CLANG_ANALYZER_NUMBER_OBJECT_CONVERSION = YES_AGGRESSIVE;
				CLANG_CXX_LANGUAGE_STANDARD = "gnu++14";
				CLANG_CXX_LIBRARY = "libc++";
				CLANG_ENABLE_MODULES = YES;
				CLANG_ENABLE_OBJC_ARC = YES;
				CLANG_ENABLE_OBJC_WEAK = YES;
				CLANG_WARN_BLOCK_CAPTURE_AUTORELEASING = YES;
				CLANG_WARN_BOOL_CONVERSION = YES;
				CLANG_WARN_COMMA = YES;
				CLANG_WARN_CONSTANT_CONVERSION = YES;
				CLANG_WARN_DEPRECATED_OBJC_IMPLEMENTATIONS = YES;
				CLANG_WARN_DIRECT_OBJC_ISA_USAGE = YES_ERROR;
				CLANG_WARN_DOCUMENTATION_COMMENTS = YES;
				CLANG_WARN_EMPTY_BODY = YES;
				CLANG_WARN_ENUM_CONVERSION = YES;
				CLANG_WARN_INFINITE_RECURSION = YES;
				CLANG_WARN_INT_CONVERSION = YES;
				CLANG_WARN_NON_LITERAL_NULL_CONVERSION = YES;
				CLANG_WARN_OBJC_IMPLICIT_RETAIN_SELF = YES;
				CLANG_WARN_OBJC_LITERAL_CONVERSION = YES;
				CLANG_WARN_OBJC_ROOT_CLASS = YES_ERROR;
				CLANG_WARN_RANGE_LOOP_ANALYSIS = YES;
				CLANG_WARN_STRICT_PROTOTYPES = YES;
				CLANG_WARN_SUSPICIOUS_MOVE = YES;
				CLANG_WARN_UNGUARDED_AVAILABILITY = YES_AGGRESSIVE;
				CLANG_WARN_UNREACHABLE_CODE = YES;
				CLANG_WARN__DUPLICATE_METHOD_MATCH = YES;
				COPY_PHASE_STRIP = NO;
				DEBUG_INFORMATION_FORMAT = "dwarf-with-dsym";
				ENABLE_NS_ASSERTIONS = NO;
				ENABLE_STRICT_OBJC_MSGSEND = YES;
				GCC_C_LANGUAGE_STANDARD = gnu11;
				GCC_NO_COMMON_BLOCKS = YES;
				GCC_WARN_64_TO_32_BIT_CONVERSION = YES;
				GCC_WARN_ABOUT_RETURN_TYPE = YES_ERROR;
				GCC_WARN_UNDECLARED_SELECTOR = YES;
				GCC_WARN_UNINITIALIZED_AUTOS = YES_AGGRESSIVE;
				GCC_WARN_UNUSED_FUNCTION = YES;
				GCC_WARN_UNUSED_VARIABLE = YES;
				IPHONEOS_DEPLOYMENT_TARGET = 13.6;
				MTL_ENABLE_DEBUG_INFO = NO;
				MTL_FAST_MATH = YES;
				SDKROOT = iphoneos;
				SWIFT_COMPILATION_MODE = wholemodule;
				SWIFT_OPTIMIZATION_LEVEL = "-O";
				VALIDATE_PRODUCT = YES;
			};
			name = Release;
		};
		36A7607C25654D3C0087FC6C /* Debug */ = {
			isa = XCBuildConfiguration;
			buildSettings = {
				ASSETCATALOG_COMPILER_APPICON_NAME = AppIcon;
				CODE_SIGN_STYLE = Automatic;
				DEVELOPMENT_TEAM = M3C8BZ4H8Y;
				INFOPLIST_FILE = TableView/Info.plist;
				LD_RUNPATH_SEARCH_PATHS = (
					"$(inherited)",
					"@executable_path/Frameworks",
				);
				PRODUCT_BUNDLE_IDENTIFIER = com.talspektor.TableView;
				PRODUCT_NAME = "$(TARGET_NAME)";
				SWIFT_VERSION = 5.0;
				TARGETED_DEVICE_FAMILY = "1,2";
			};
			name = Debug;
		};
		36A7607D25654D3C0087FC6C /* Release */ = {
			isa = XCBuildConfiguration;
			buildSettings = {
				ASSETCATALOG_COMPILER_APPICON_NAME = AppIcon;
				CODE_SIGN_STYLE = Automatic;
				DEVELOPMENT_TEAM = M3C8BZ4H8Y;
				INFOPLIST_FILE = TableView/Info.plist;
				LD_RUNPATH_SEARCH_PATHS = (
					"$(inherited)",
					"@executable_path/Frameworks",
				);
				PRODUCT_BUNDLE_IDENTIFIER = com.talspektor.TableView;
				PRODUCT_NAME = "$(TARGET_NAME)";
				SWIFT_VERSION = 5.0;
				TARGETED_DEVICE_FAMILY = "1,2";
			};
			name = Release;
		};
		36A7607F25654D3C0087FC6C /* Debug */ = {
			isa = XCBuildConfiguration;
			buildSettings = {
				ALWAYS_EMBED_SWIFT_STANDARD_LIBRARIES = YES;
				BUNDLE_LOADER = "$(TEST_HOST)";
				CODE_SIGN_STYLE = Automatic;
				DEVELOPMENT_TEAM = M3C8BZ4H8Y;
				INFOPLIST_FILE = TableViewTests/Info.plist;
				IPHONEOS_DEPLOYMENT_TARGET = 13.6;
				LD_RUNPATH_SEARCH_PATHS = (
					"$(inherited)",
					"@executable_path/Frameworks",
					"@loader_path/Frameworks",
				);
				PRODUCT_BUNDLE_IDENTIFIER = com.talspektor.TableViewTests;
				PRODUCT_NAME = "$(TARGET_NAME)";
				SWIFT_VERSION = 5.0;
				TARGETED_DEVICE_FAMILY = "1,2";
				TEST_HOST = "$(BUILT_PRODUCTS_DIR)/TableView.app/TableView";
			};
			name = Debug;
		};
		36A7608025654D3C0087FC6C /* Release */ = {
			isa = XCBuildConfiguration;
			buildSettings = {
				ALWAYS_EMBED_SWIFT_STANDARD_LIBRARIES = YES;
				BUNDLE_LOADER = "$(TEST_HOST)";
				CODE_SIGN_STYLE = Automatic;
				DEVELOPMENT_TEAM = M3C8BZ4H8Y;
				INFOPLIST_FILE = TableViewTests/Info.plist;
				IPHONEOS_DEPLOYMENT_TARGET = 13.6;
				LD_RUNPATH_SEARCH_PATHS = (
					"$(inherited)",
					"@executable_path/Frameworks",
					"@loader_path/Frameworks",
				);
				PRODUCT_BUNDLE_IDENTIFIER = com.talspektor.TableViewTests;
				PRODUCT_NAME = "$(TARGET_NAME)";
				SWIFT_VERSION = 5.0;
				TARGETED_DEVICE_FAMILY = "1,2";
				TEST_HOST = "$(BUILT_PRODUCTS_DIR)/TableView.app/TableView";
			};
			name = Release;
		};
		36A7608225654D3C0087FC6C /* Debug */ = {
			isa = XCBuildConfiguration;
			buildSettings = {
				ALWAYS_EMBED_SWIFT_STANDARD_LIBRARIES = YES;
				CODE_SIGN_STYLE = Automatic;
				DEVELOPMENT_TEAM = M3C8BZ4H8Y;
				INFOPLIST_FILE = TableViewUITests/Info.plist;
				LD_RUNPATH_SEARCH_PATHS = (
					"$(inherited)",
					"@executable_path/Frameworks",
					"@loader_path/Frameworks",
				);
				PRODUCT_BUNDLE_IDENTIFIER = com.talspektor.TableViewUITests;
				PRODUCT_NAME = "$(TARGET_NAME)";
				SWIFT_VERSION = 5.0;
				TARGETED_DEVICE_FAMILY = "1,2";
				TEST_TARGET_NAME = TableView;
			};
			name = Debug;
		};
		36A7608325654D3C0087FC6C /* Release */ = {
			isa = XCBuildConfiguration;
			buildSettings = {
				ALWAYS_EMBED_SWIFT_STANDARD_LIBRARIES = YES;
				CODE_SIGN_STYLE = Automatic;
				DEVELOPMENT_TEAM = M3C8BZ4H8Y;
				INFOPLIST_FILE = TableViewUITests/Info.plist;
				LD_RUNPATH_SEARCH_PATHS = (
					"$(inherited)",
					"@executable_path/Frameworks",
					"@loader_path/Frameworks",
				);
				PRODUCT_BUNDLE_IDENTIFIER = com.talspektor.TableViewUITests;
				PRODUCT_NAME = "$(TARGET_NAME)";
				SWIFT_VERSION = 5.0;
				TARGETED_DEVICE_FAMILY = "1,2";
				TEST_TARGET_NAME = TableView;
			};
			name = Release;
		};
/* End XCBuildConfiguration section */

/* Begin XCConfigurationList section */
		36A7604925654D3A0087FC6C /* Build configuration list for PBXProject "TableView" */ = {
			isa = XCConfigurationList;
			buildConfigurations = (
				36A7607925654D3C0087FC6C /* Debug */,
				36A7607A25654D3C0087FC6C /* Release */,
			);
			defaultConfigurationIsVisible = 0;
			defaultConfigurationName = Release;
		};
		36A7607B25654D3C0087FC6C /* Build configuration list for PBXNativeTarget "TableView" */ = {
			isa = XCConfigurationList;
			buildConfigurations = (
				36A7607C25654D3C0087FC6C /* Debug */,
				36A7607D25654D3C0087FC6C /* Release */,
			);
			defaultConfigurationIsVisible = 0;
			defaultConfigurationName = Release;
		};
		36A7607E25654D3C0087FC6C /* Build configuration list for PBXNativeTarget "TableViewTests" */ = {
			isa = XCConfigurationList;
			buildConfigurations = (
				36A7607F25654D3C0087FC6C /* Debug */,
				36A7608025654D3C0087FC6C /* Release */,
			);
			defaultConfigurationIsVisible = 0;
			defaultConfigurationName = Release;
		};
		36A7608125654D3C0087FC6C /* Build configuration list for PBXNativeTarget "TableViewUITests" */ = {
			isa = XCConfigurationList;
			buildConfigurations = (
				36A7608225654D3C0087FC6C /* Debug */,
				36A7608325654D3C0087FC6C /* Release */,
			);
			defaultConfigurationIsVisible = 0;
			defaultConfigurationName = Release;
		};
/* End XCConfigurationList section */

/* Begin XCVersionGroup section */
		36A7605A25654D3A0087FC6C /* TableView.xcdatamodeld */ = {
			isa = XCVersionGroup;
			children = (
				36A7605B25654D3A0087FC6C /* TableView.xcdatamodel */,
			);
			currentVersion = 36A7605B25654D3A0087FC6C /* TableView.xcdatamodel */;
			path = TableView.xcdatamodeld;
			sourceTree = "<group>";
			versionGroupType = wrapper.xcdatamodel;
		};
/* End XCVersionGroup section */
	};
	rootObject = 36A7604625654D3A0087FC6C /* Project object */;
}
